lockfileVersion: '9.0'

settings:
  autoInstallPeers: true
  excludeLinksFromLockfile: false

importers:

  .:
    dependencies:
      '@tanstack/react-query':
        specifier: ^5.100.6
        version: 5.100.6(react@19.2.5)
    devDependencies:
      husky:
        specifier: ^9.1.7
        version: 9.1.7

packages:

  '@tanstack/query-core@5.100.6':
    resolution: {integrity: sha512-Os2CPUr98to98RYm+D4qGqGkiffn7MGSyl2547a4MljVkHE30AMJRqTiyCqBfMwzAx/I91vCkAxp5tHSla6Twg==}

  '@tanstack/react-query@5.100.6':
    resolution: {integrity: sha512-uVSrps0PV16Cxmcn2rvL+dUhwTpTUtiRW347AEeYxMZXO2pZe9ja7E24PAMGoQ5u2g89DD8u4QhOviBk+RN8RA==}
    peerDependencies:
      react: ^18 || ^19

  husky@9.1.7:
    resolution: {integrity: sha512-5gs5ytaNjBrh5Ow3zrvdUUY+0VxIuWVL4i9irt6friV+BqdCfmV11CQTWMiBYWHbXhco+J1kHfTOUkePhCDvMA==}
    engines: {node: '>=18'}
    hasBin: true

  react@19.2.5:
    resolution: {integrity: sha512-llUJLzz1zTUBrskt2pwZgLq59AemifIftw4aB7JxOqf1HY2FDaGDxgwpAPVzHU1kdWabH7FauP4i1oEeer2WCA==}
    engines: {node: '>=0.10.0'}

snapshots:

  '@tanstack/query-core@5.100.6': {}

  '@tanstack/react-query@5.100.6(react@19.2.5)':
    dependencies:
      '@tanstack/query-core': 5.100.6
      react: 19.2.5

  husky@9.1.7: {}

  react@19.2.5: {}
